
Microsoft Visual Studio Solution File, Format Version 12.00
# Visual Studio Version 17
VisualStudioVersion = 17.12.35521.163
MinimumVisualStudioVersion = 10.0.40219.1
Project("{2150E333-8FDC-42A3-9474-1A3956D46DE8}") = "Src", "Src", "{D9F9E1C1-085B-4C1A-9A2B-DA66D7F4D208}"
EndProject
Project("{2150E333-8FDC-42A3-9474-1A3956D46DE8}") = "API", "API", "{1F69A955-3A89-4AF1-999D-945C1611B8E7}"
EndProject
Project("{2150E333-8FDC-42A3-9474-1A3956D46DE8}") = "Core", "Core", "{AEA65296-08A8-46D7-AA32-742844802BD7}"
EndProject
Project("{2150E333-8FDC-42A3-9474-1A3956D46DE8}") = "Infrastructure", "Infrastructure", "{796C842F-3CEA-4D2E-8348-538481A224DD}"
EndProject
Project("{FAE04EC0-301F-11D3-BF4B-00C04F79EFBC}") = "App.API", "Src\App.API\App.API.csproj", "{DEC088E6-7FB6-4FF3-9C84-E3EA7531330F}"
EndProject
Project("{FAE04EC0-301F-11D3-BF4B-00C04F79EFBC}") = "App.Domain", "Src\Core\App.Domain\App.Domain.csproj", "{BEF600A4-72DD-4DD4-9F8B-BCD4F6175092}"
EndProject
Project("{FAE04EC0-301F-11D3-BF4B-00C04F79EFBC}") = "App.Application", "Src\Core\App.Application\App.Application.csproj", "{37989CA4-2774-4BD2-BC4B-D2B14538E2B5}"
EndProject
Project("{FAE04EC0-301F-11D3-BF4B-00C04F79EFBC}") = "App.Persistence", "Src\Infrastructure\App.Persistence\App.Persistence.csproj", "{07F909DA-2CAA-44D2-9388-E6D726FEAC9B}"
EndProject
Global
	GlobalSection(SolutionConfigurationPlatforms) = preSolution
		Debug|Any CPU = Debug|Any CPU
		Release|Any CPU = Release|Any CPU
	EndGlobalSection
	GlobalSection(ProjectConfigurationPlatforms) = postSolution
		{DEC088E6-7FB6-4FF3-9C84-E3EA7531330F}.Debug|Any CPU.ActiveCfg = Debug|Any CPU
		{DEC088E6-7FB6-4FF3-9C84-E3EA7531330F}.Debug|Any CPU.Build.0 = Debug|Any CPU
		{DEC088E6-7FB6-4FF3-9C84-E3EA7531330F}.Release|Any CPU.ActiveCfg = Release|Any CPU
		{DEC088E6-7FB6-4FF3-9C84-E3EA7531330F}.Release|Any CPU.Build.0 = Release|Any CPU
		{BEF600A4-72DD-4DD4-9F8B-BCD4F6175092}.Debug|Any CPU.ActiveCfg = Debug|Any CPU
		{BEF600A4-72DD-4DD4-9F8B-BCD4F6175092}.Debug|Any CPU.Build.0 = Debug|Any CPU
		{BEF600A4-72DD-4DD4-9F8B-BCD4F6175092}.Release|Any CPU.ActiveCfg = Release|Any CPU
		{BEF600A4-72DD-4DD4-9F8B-BCD4F6175092}.Release|Any CPU.Build.0 = Release|Any CPU
		{37989CA4-2774-4BD2-BC4B-D2B14538E2B5}.Debug|Any CPU.ActiveCfg = Debug|Any CPU
		{37989CA4-2774-4BD2-BC4B-D2B14538E2B5}.Debug|Any CPU.Build.0 = Debug|Any CPU
		{37989CA4-2774-4BD2-BC4B-D2B14538E2B5}.Release|Any CPU.ActiveCfg = Release|Any CPU
		{37989CA4-2774-4BD2-BC4B-D2B14538E2B5}.Release|Any CPU.Build.0 = Release|Any CPU
		{07F909DA-2CAA-44D2-9388-E6D726FEAC9B}.Debug|Any CPU.ActiveCfg = Debug|Any CPU
		{07F909DA-2CAA-44D2-9388-E6D726FEAC9B}.Debug|Any CPU.Build.0 = Debug|Any CPU
		{07F909DA-2CAA-44D2-9388-E6D726FEAC9B}.Release|Any CPU.ActiveCfg = Release|Any CPU
		{07F909DA-2CAA-44D2-9388-E6D726FEAC9B}.Release|Any CPU.Build.0 = Release|Any CPU
	EndGlobalSection
	GlobalSection(SolutionProperties) = preSolution
		HideSolutionNode = FALSE
	EndGlobalSection
	GlobalSection(NestedProjects) = preSolution
		{1F69A955-3A89-4AF1-999D-945C1611B8E7} = {D9F9E1C1-085B-4C1A-9A2B-DA66D7F4D208}
		{AEA65296-08A8-46D7-AA32-742844802BD7} = {D9F9E1C1-085B-4C1A-9A2B-DA66D7F4D208}
		{796C842F-3CEA-4D2E-8348-538481A224DD} = {D9F9E1C1-085B-4C1A-9A2B-DA66D7F4D208}
		{DEC088E6-7FB6-4FF3-9C84-E3EA7531330F} = {1F69A955-3A89-4AF1-999D-945C1611B8E7}
		{BEF600A4-72DD-4DD4-9F8B-BCD4F6175092} = {AEA65296-08A8-46D7-AA32-742844802BD7}
		{37989CA4-2774-4BD2-BC4B-D2B14538E2B5} = {AEA65296-08A8-46D7-AA32-742844802BD7}
		{07F909DA-2CAA-44D2-9388-E6D726FEAC9B} = {796C842F-3CEA-4D2E-8348-538481A224DD}
	EndGlobalSection
EndGlobal
